
Microsoft Visual Studio Solution File, Format Version 12.00
# Visual Studio Version 17
VisualStudioVersion = 17.9.34607.119
MinimumVisualStudioVersion = 10.0.40219.1
Project("{FAE04EC0-301F-11D3-BF4B-00C04F79EFBC}") = "MyKP работа с БД", "MyKP работа с БД\MyKP работа с БД.csproj", "{0FD5EEAC-CF4D-4AC4-BADD-79BEA8CA5216}"
EndProject
Global
	GlobalSection(SolutionConfigurationPlatforms) = preSolution
		Debug|Any CPU = Debug|Any CPU
		Release|Any CPU = Release|Any CPU
	EndGlobalSection
	GlobalSection(ProjectConfigurationPlatforms) = postSolution
		{0FD5EEAC-CF4D-4AC4-BADD-79BEA8CA5216}.Debug|Any CPU.ActiveCfg = Debug|Any CPU
		{0FD5EEAC-CF4D-4AC4-BADD-79BEA8CA5216}.Debug|Any CPU.Build.0 = Debug|Any CPU
		{0FD5EEAC-CF4D-4AC4-BADD-79BEA8CA5216}.Release|Any CPU.ActiveCfg = Release|Any CPU
		{0FD5EEAC-CF4D-4AC4-BADD-79BEA8CA5216}.Release|Any CPU.Build.0 = Release|Any CPU
	EndGlobalSection
	GlobalSection(SolutionProperties) = preSolution
		HideSolutionNode = FALSE
	EndGlobalSection
	GlobalSection(ExtensibilityGlobals) = postSolution
		SolutionGuid = {6F8BBF19-902E-49A7-BBFC-AC0B3C77F2E1}
	EndGlobalSection
EndGlobal
